
Microsoft Visual Studio Solution File, Format Version 12.00
# Visual Studio Version 17
VisualStudioVersion = 17.4.33213.308
MinimumVisualStudioVersion = 10.0.40219.1
Project("{FAE04EC0-301F-11D3-BF4B-00C04F79EFBC}") = "ApiServiceBus", "ApiServiceBus\ApiServiceBus.csproj", "{EAE9C31E-1CBE-4558-93D1-047893BEE980}"
EndProject
Global
	GlobalSection(SolutionConfigurationPlatforms) = preSolution
		Debug|Any CPU = Debug|Any CPU
		Release|Any CPU = Release|Any CPU
	EndGlobalSection
	GlobalSection(ProjectConfigurationPlatforms) = postSolution
		{EAE9C31E-1CBE-4558-93D1-047893BEE980}.Debug|Any CPU.ActiveCfg = Debug|Any CPU
		{EAE9C31E-1CBE-4558-93D1-047893BEE980}.Debug|Any CPU.Build.0 = Debug|Any CPU
		{EAE9C31E-1CBE-4558-93D1-047893BEE980}.Release|Any CPU.ActiveCfg = Release|Any CPU
		{EAE9C31E-1CBE-4558-93D1-047893BEE980}.Release|Any CPU.Build.0 = Release|Any CPU
	EndGlobalSection
	GlobalSection(SolutionProperties) = preSolution
		HideSolutionNode = FALSE
	EndGlobalSection
	GlobalSection(ExtensibilityGlobals) = postSolution
		SolutionGuid = {B9D94932-2C32-4B7B-8515-59EE97FA4EC3}
	EndGlobalSection
EndGlobal
